
Microsoft Visual Studio Solution File, Format Version 12.00
# Visual Studio Version 16
VisualStudioVersion = 16.0.30804.86
MinimumVisualStudioVersion = 10.0.40219.1
Project("{9A19103F-16F7-4668-BE54-9A1E7A4F7556}") = "LoxLangInCSharp", "LoxLangInCSharp\LoxLangInCSharp.csproj", "{0E4F61A5-3AE6-4C6B-BBAE-05D34EBF164F}"
EndProject
Global
	GlobalSection(SolutionConfigurationPlatforms) = preSolution
		Debug|Any CPU = Debug|Any CPU
		Release|Any CPU = Release|Any CPU
	EndGlobalSection
	GlobalSection(ProjectConfigurationPlatforms) = postSolution
		{0E4F61A5-3AE6-4C6B-BBAE-05D34EBF164F}.Debug|Any CPU.ActiveCfg = Debug|Any CPU
		{0E4F61A5-3AE6-4C6B-BBAE-05D34EBF164F}.Debug|Any CPU.Build.0 = Debug|Any CPU
		{0E4F61A5-3AE6-4C6B-BBAE-05D34EBF164F}.Release|Any CPU.ActiveCfg = Release|Any CPU
		{0E4F61A5-3AE6-4C6B-BBAE-05D34EBF164F}.Release|Any CPU.Build.0 = Release|Any CPU
	EndGlobalSection
	GlobalSection(SolutionProperties) = preSolution
		HideSolutionNode = FALSE
	EndGlobalSection
	GlobalSection(ExtensibilityGlobals) = postSolution
		SolutionGuid = {FCC26429-18AC-47DA-B400-37B62AEFF7F6}
	EndGlobalSection
EndGlobal
